{
  "requires": true,
  "lockfileVersion": 1,
  "dependencies": {
    "@types/webfontloader": {
      "version": "1.6.32",
      "resolved": "https://registry.npmjs.org/@types/webfontloader/-/webfontloader-1.6.32.tgz",
      "integrity": "sha512-l83V/2iHvBTIlKUM1+UlabS/Jd65HVfKmqS+zPhwDlgldPtd5ujPDt0Y1es19xLWcN8NC3wwSTd71Qxbst+Kpw==",
      "dev": true
    }
  }
}
